
Microsoft Visual Studio Solution File, Format Version 12.00
# Visual Studio Version 16
VisualStudioVersion = 16.0.31112.23
MinimumVisualStudioVersion = 10.0.40219.1
Project("{8BC9CEB8-8B4A-11D0-8D11-00A0C91BC942}") = "vgk-inlined", "vgk-inlined\vgk-inlined.vcxproj", "{596325CB-839E-468C-8647-C2DA1E09DA0A}"
EndProject
Global
	GlobalSection(SolutionConfigurationPlatforms) = preSolution
		Debug|x64 = Debug|x64
		Debug|x86 = Debug|x86
		Release|x64 = Release|x64
		Release|x86 = Release|x86
	EndGlobalSection
	GlobalSection(ProjectConfigurationPlatforms) = postSolution
		{596325CB-839E-468C-8647-C2DA1E09DA0A}.Debug|x64.ActiveCfg = Debug|x64
		{596325CB-839E-468C-8647-C2DA1E09DA0A}.Debug|x64.Build.0 = Debug|x64
		{596325CB-839E-468C-8647-C2DA1E09DA0A}.Debug|x86.ActiveCfg = Debug|Win32
		{596325CB-839E-468C-8647-C2DA1E09DA0A}.Debug|x86.Build.0 = Debug|Win32
		{596325CB-839E-468C-8647-C2DA1E09DA0A}.Release|x64.ActiveCfg = Release|x64
		{596325CB-839E-468C-8647-C2DA1E09DA0A}.Release|x64.Build.0 = Release|x64
		{596325CB-839E-468C-8647-C2DA1E09DA0A}.Release|x86.ActiveCfg = Release|Win32
		{596325CB-839E-468C-8647-C2DA1E09DA0A}.Release|x86.Build.0 = Release|Win32
	EndGlobalSection
	GlobalSection(SolutionProperties) = preSolution
		HideSolutionNode = FALSE
	EndGlobalSection
	GlobalSection(ExtensibilityGlobals) = postSolution
		SolutionGuid = {8B5ED903-3840-4D43-8A1A-3AB72978098F}
	EndGlobalSection
EndGlobal
